
Microsoft Visual Studio Solution File, Format Version 12.00
# Visual Studio Version 17
VisualStudioVersion = 17.0.31903.59
MinimumVisualStudioVersion = 10.0.40219.1
Project("{FAE04EC0-301F-11D3-BF4B-00C04F79EFBC}") = "Mocking", "mocking\Mocking.csproj", "{57C42403-6BA9-4A4C-9557-F4A2026FFE03}"
EndProject
Project("{FAE04EC0-301F-11D3-BF4B-00C04F79EFBC}") = "Mocking.Problems", "mocking-problems\Mocking.Problems.csproj", "{A74FB92B-DBC4-4680-9BD0-C32A6F8C34B3}"
EndProject
Global
	GlobalSection(SolutionConfigurationPlatforms) = preSolution
		Debug|Any CPU = Debug|Any CPU
		Release|Any CPU = Release|Any CPU
	EndGlobalSection
	GlobalSection(SolutionProperties) = preSolution
		HideSolutionNode = FALSE
	EndGlobalSection
	GlobalSection(ProjectConfigurationPlatforms) = postSolution
		{57C42403-6BA9-4A4C-9557-F4A2026FFE03}.Debug|Any CPU.ActiveCfg = Debug|Any CPU
		{57C42403-6BA9-4A4C-9557-F4A2026FFE03}.Debug|Any CPU.Build.0 = Debug|Any CPU
		{57C42403-6BA9-4A4C-9557-F4A2026FFE03}.Release|Any CPU.ActiveCfg = Release|Any CPU
		{57C42403-6BA9-4A4C-9557-F4A2026FFE03}.Release|Any CPU.Build.0 = Release|Any CPU
		{A74FB92B-DBC4-4680-9BD0-C32A6F8C34B3}.Debug|Any CPU.ActiveCfg = Debug|Any CPU
		{A74FB92B-DBC4-4680-9BD0-C32A6F8C34B3}.Debug|Any CPU.Build.0 = Debug|Any CPU
		{A74FB92B-DBC4-4680-9BD0-C32A6F8C34B3}.Release|Any CPU.ActiveCfg = Release|Any CPU
		{A74FB92B-DBC4-4680-9BD0-C32A6F8C34B3}.Release|Any CPU.Build.0 = Release|Any CPU
	EndGlobalSection
EndGlobal
